// !$*UTF8*$!
{
	archiveVersion = 1;
	classes = {
	};
	objectVersion = 50;
	objects = {

/* Begin PBXBuildFile section */
		183EB81124D5D072005BD76B /* AppDelegate.swift in Sources */ = {isa = PBXBuildFile; fileRef = 183EB81024D5D072005BD76B /* AppDelegate.swift */; };
		183EB81324D5D072005BD76B /* SceneDelegate.swift in Sources */ = {isa = PBXBuildFile; fileRef = 183EB81224D5D072005BD76B /* SceneDelegate.swift */; };
		183EB81524D5D072005BD76B /* ViewController.swift in Sources */ = {isa = PBXBuildFile; fileRef = 183EB81424D5D072005BD76B /* ViewController.swift */; };
		183EB81824D5D072005BD76B /* Main.storyboard in Resources */ = {isa = PBXBuildFile; fileRef = 183EB81624D5D072005BD76B /* Main.storyboard */; };
		183EB81A24D5D074005BD76B /* Assets.xcassets in Resources */ = {isa = PBXBuildFile; fileRef = 183EB81924D5D074005BD76B /* Assets.xcassets */; };
		183EB81D24D5D074005BD76B /* LaunchScreen.storyboard in Resources */ = {isa = PBXBuildFile; fileRef = 183EB81B24D5D074005BD76B /* LaunchScreen.storyboard */; };
		183EB82824D5D074005BD76B /* Time2Tip3Tests.swift in Sources */ = {isa = PBXBuildFile; fileRef = 183EB82724D5D074005BD76B /* Time2Tip3Tests.swift */; };
		183EB83324D5D074005BD76B /* Time2Tip3UITests.swift in Sources */ = {isa = PBXBuildFile; fileRef = 183EB83224D5D074005BD76B /* Time2Tip3UITests.swift */; };
		183EB84124D5F76E005BD76B /* SettingsViewController.swift in Sources */ = {isa = PBXBuildFile; fileRef = 183EB84024D5F76E005BD76B /* SettingsViewController.swift */; };
/* End PBXBuildFile section */

/* Begin PBXContainerItemProxy section */
		183EB82424D5D074005BD76B /* PBXContainerItemProxy */ = {
			isa = PBXContainerItemProxy;
			containerPortal = 183EB80524D5D072005BD76B /* Project object */;
			proxyType = 1;
			remoteGlobalIDString = 183EB80C24D5D072005BD76B;
			remoteInfo = Time2Tip3;
		};
		183EB82F24D5D074005BD76B /* PBXContainerItemProxy */ = {
			isa = PBXContainerItemProxy;
			containerPortal = 183EB80524D5D072005BD76B /* Project object */;
			proxyType = 1;
			remoteGlobalIDString = 183EB80C24D5D072005BD76B;
			remoteInfo = Time2Tip3;
		};
/* End PBXContainerItemProxy section */

/* Begin PBXFileReference section */
		183EB80D24D5D072005BD76B /* Time2Tip3.app */ = {isa = PBXFileReference; explicitFileType = wrapper.application; includeInIndex = 0; path = Time2Tip3.app; sourceTree = BUILT_PRODUCTS_DIR; };
		183EB81024D5D072005BD76B /* AppDelegate.swift */ = {isa = PBXFileReference; lastKnownFileType = sourcecode.swift; path = AppDelegate.swift; sourceTree = "<group>"; };
		183EB81224D5D072005BD76B /* SceneDelegate.swift */ = {isa = PBXFileReference; lastKnownFileType = sourcecode.swift; path = SceneDelegate.swift; sourceTree = "<group>"; };
		183EB81424D5D072005BD76B /* ViewController.swift */ = {isa = PBXFileReference; lastKnownFileType = sourcecode.swift; path = ViewController.swift; sourceTree = "<group>"; };
		183EB81724D5D072005BD76B /* Base */ = {isa = PBXFileReference; lastKnownFileType = file.storyboard; name = Base; path = Base.lproj/Main.storyboard; sourceTree = "<group>"; };
		183EB81924D5D074005BD76B /* Assets.xcassets */ = {isa = PBXFileReference; lastKnownFileType = folder.assetcatalog; path = Assets.xcassets; sourceTree = "<group>"; };
		183EB81C24D5D074005BD76B /* Base */ = {isa = PBXFileReference; lastKnownFileType = file.storyboard; name = Base; path = Base.lproj/LaunchScreen.storyboard; sourceTree = "<group>"; };
		183EB81E24D5D074005BD76B /* Info.plist */ = {isa = PBXFileReference; lastKnownFileType = text.plist.xml; path = Info.plist; sourceTree = "<group>"; };
		183EB82324D5D074005BD76B /* Time2Tip3Tests.xctest */ = {isa = PBXFileReference; explicitFileType = wrapper.cfbundle; includeInIndex = 0; path = Time2Tip3Tests.xctest; sourceTree = BUILT_PRODUCTS_DIR; };
		183EB82724D5D074005BD76B /* Time2Tip3Tests.swift */ = {isa = PBXFileReference; lastKnownFileType = sourcecode.swift; path = Time2Tip3Tests.swift; sourceTree = "<group>"; };
		183EB82924D5D074005BD76B /* Info.plist */ = {isa = PBXFileReference; lastKnownFileType = text.plist.xml; path = Info.plist; sourceTree = "<group>"; };
		183EB82E24D5D074005BD76B /* Time2Tip3UITests.xctest */ = {isa = PBXFileReference; explicitFileType = wrapper.cfbundle; includeInIndex = 0; path = Time2Tip3UITests.xctest; sourceTree = BUILT_PRODUCTS_DIR; };
		183EB83224D5D074005BD76B /* Time2Tip3UITests.swift */ = {isa = PBXFileReference; lastKnownFileType = sourcecode.swift; path = Time2Tip3UITests.swift; sourceTree = "<group>"; };
		183EB83424D5D074005BD76B /* Info.plist */ = {isa = PBXFileReference; lastKnownFileType = text.plist.xml; path = Info.plist; sourceTree = "<group>"; };
		183EB84024D5F76E005BD76B /* SettingsViewController.swift */ = {isa = PBXFileReference; lastKnownFileType = sourcecode.swift; path = SettingsViewController.swift; sourceTree = "<group>"; };
/* End PBXFileReference section */

/* Begin PBXFrameworksBuildPhase section */
		183EB80A24D5D072005BD76B /* Frameworks */ = {
			isa = PBXFrameworksBuildPhase;
			buildActionMask = 2147483647;
			files = (
			);
			runOnlyForDeploymentPostprocessing = 0;
		};
		183EB82024D5D074005BD76B /* Frameworks */ = {
			isa = PBXFrameworksBuildPhase;
			buildActionMask = 2147483647;
			files = (
			);
			runOnlyForDeploymentPostprocessing = 0;
		};
		183EB82B24D5D074005BD76B /* Frameworks */ = {
			isa = PBXFrameworksBuildPhase;
			buildActionMask = 2147483647;
			files = (
			);
			runOnlyForDeploymentPostprocessing = 0;
		};
/* End PBXFrameworksBuildPhase section */

/* Begin PBXGroup section */
		183EB80424D5D072005BD76B = {
			isa = PBXGroup;
			children = (
				183EB80F24D5D072005BD76B /* Time2Tip3 */,
				183EB82624D5D074005BD76B /* Time2Tip3Tests */,
				183EB83124D5D074005BD76B /* Time2Tip3UITests */,
				183EB80E24D5D072005BD76B /* Products */,
			);
			sourceTree = "<group>";
		};
		183EB80E24D5D072005BD76B /* Products */ = {
			isa = PBXGroup;
			children = (
				183EB80D24D5D072005BD76B /* Time2Tip3.app */,
				183EB82324D5D074005BD76B /* Time2Tip3Tests.xctest */,
				183EB82E24D5D074005BD76B /* Time2Tip3UITests.xctest */,
			);
			name = Products;
			sourceTree = "<group>";
		};
		183EB80F24D5D072005BD76B /* Time2Tip3 */ = {
			isa = PBXGroup;
			children = (
				183EB81024D5D072005BD76B /* AppDelegate.swift */,
				183EB81224D5D072005BD76B /* SceneDelegate.swift */,
				183EB81424D5D072005BD76B /* ViewController.swift */,
				183EB81624D5D072005BD76B /* Main.storyboard */,
				183EB84024D5F76E005BD76B /* SettingsViewController.swift */,
				183EB81924D5D074005BD76B /* Assets.xcassets */,
				183EB81B24D5D074005BD76B /* LaunchScreen.storyboard */,
				183EB81E24D5D074005BD76B /* Info.plist */,
			);
			path = Time2Tip3;
			sourceTree = "<group>";
		};
		183EB82624D5D074005BD76B /* Time2Tip3Tests */ = {
			isa = PBXGroup;
			children = (
				183EB82724D5D074005BD76B /* Time2Tip3Tests.swift */,
				183EB82924D5D074005BD76B /* Info.plist */,
			);
			path = Time2Tip3Tests;
			sourceTree = "<group>";
		};
		183EB83124D5D074005BD76B /* Time2Tip3UITests */ = {
			isa = PBXGroup;
			children = (
				183EB83224D5D074005BD76B /* Time2Tip3UITests.swift */,
				183EB83424D5D074005BD76B /* Info.plist */,
			);
			path = Time2Tip3UITests;
			sourceTree = "<group>";
		};
/* End PBXGroup section */

/* Begin PBXNativeTarget section */
		183EB80C24D5D072005BD76B /* Time2Tip3 */ = {
			isa = PBXNativeTarget;
			buildConfigurationList = 183EB83724D5D074005BD76B /* Build configuration list for PBXNativeTarget "Time2Tip3" */;
			buildPhases = (
				183EB80924D5D072005BD76B /* Sources */,
				183EB80A24D5D072005BD76B /* Frameworks */,
				183EB80B24D5D072005BD76B /* Resources */,
			);
			buildRules = (
			);
			dependencies = (
			);
			name = Time2Tip3;
			productName = Time2Tip3;
			productReference = 183EB80D24D5D072005BD76B /* Time2Tip3.app */;
			productType = "com.apple.product-type.application";
		};
		183EB82224D5D074005BD76B /* Time2Tip3Tests */ = {
			isa = PBXNativeTarget;
			buildConfigurationList = 183EB83A24D5D074005BD76B /* Build configuration list for PBXNativeTarget "Time2Tip3Tests" */;
			buildPhases = (
				183EB81F24D5D074005BD76B /* Sources */,
				183EB82024D5D074005BD76B /* Frameworks */,
				183EB82124D5D074005BD76B /* Resources */,
			);
			buildRules = (
			);
			dependencies = (
				183EB82524D5D074005BD76B /* PBXTargetDependency */,
			);
			name = Time2Tip3Tests;
			productName = Time2Tip3Tests;
			productReference = 183EB82324D5D074005BD76B /* Time2Tip3Tests.xctest */;
			productType = "com.apple.product-type.bundle.unit-test";
		};
		183EB82D24D5D074005BD76B /* Time2Tip3UITests */ = {
			isa = PBXNativeTarget;
			buildConfigurationList = 183EB83D24D5D074005BD76B /* Build configuration list for PBXNativeTarget "Time2Tip3UITests" */;
			buildPhases = (
				183EB82A24D5D074005BD76B /* Sources */,
				183EB82B24D5D074005BD76B /* Frameworks */,
				183EB82C24D5D074005BD76B /* Resources */,
			);
			buildRules = (
			);
			dependencies = (
				183EB83024D5D074005BD76B /* PBXTargetDependency */,
			);
			name = Time2Tip3UITests;
			productName = Time2Tip3UITests;
			productReference = 183EB82E24D5D074005BD76B /* Time2Tip3UITests.xctest */;
			productType = "com.apple.product-type.bundle.ui-testing";
		};
/* End PBXNativeTarget section */

/* Begin PBXProject section */
		183EB80524D5D072005BD76B /* Project object */ = {
			isa = PBXProject;
			attributes = {
				LastSwiftUpdateCheck = 1160;
				LastUpgradeCheck = 1160;
				ORGANIZATIONNAME = Codepath;
				TargetAttributes = {
					183EB80C24D5D072005BD76B = {
						CreatedOnToolsVersion = 11.6;
					};
					183EB82224D5D074005BD76B = {
						CreatedOnToolsVersion = 11.6;
						TestTargetID = 183EB80C24D5D072005BD76B;
					};
					183EB82D24D5D074005BD76B = {
						CreatedOnToolsVersion = 11.6;
						TestTargetID = 183EB80C24D5D072005BD76B;
					};
				};
			};
			buildConfigurationList = 183EB80824D5D072005BD76B /* Build configuration list for PBXProject "Time2Tip3" */;
			compatibilityVersion = "Xcode 9.3";
			developmentRegion = en;
			hasScannedForEncodings = 0;
			knownRegions = (
				en,
				Base,
			);
			mainGroup = 183EB80424D5D072005BD76B;
			productRefGroup = 183EB80E24D5D072005BD76B /* Products */;
			projectDirPath = "";
			projectRoot = "";
			targets = (
				183EB80C24D5D072005BD76B /* Time2Tip3 */,
				183EB82224D5D074005BD76B /* Time2Tip3Tests */,
				183EB82D24D5D074005BD76B /* Time2Tip3UITests */,
			);
		};
/* End PBXProject section */

/* Begin PBXResourcesBuildPhase section */
		183EB80B24D5D072005BD76B /* Resources */ = {
			isa = PBXResourcesBuildPhase;
			buildActionMask = 2147483647;
			files = (
				183EB81D24D5D074005BD76B /* LaunchScreen.storyboard in Resources */,
				183EB81A24D5D074005BD76B /* Assets.xcassets in Resources */,
				183EB81824D5D072005BD76B /* Main.storyboard in Resources */,
			);
			runOnlyForDeploymentPostprocessing = 0;
		};
		183EB82124D5D074005BD76B /* Resources */ = {
			isa = PBXResourcesBuildPhase;
			buildActionMask = 2147483647;
			files = (
			);
			runOnlyForDeploymentPostprocessing = 0;
		};
		183EB82C24D5D074005BD76B /* Resources */ = {
			isa = PBXResourcesBuildPhase;
			buildActionMask = 2147483647;
			files = (
			);
			runOnlyForDeploymentPostprocessing = 0;
		};
/* End PBXResourcesBuildPhase section */

/* Begin PBXSourcesBuildPhase section */
		183EB80924D5D072005BD76B /* Sources */ = {
			isa = PBXSourcesBuildPhase;
			buildActionMask = 2147483647;
			files = (
				183EB81524D5D072005BD76B /* ViewController.swift in Sources */,
				183EB81124D5D072005BD76B /* AppDelegate.swift in Sources */,
				183EB81324D5D072005BD76B /* SceneDelegate.swift in Sources */,
				183EB84124D5F76E005BD76B /* SettingsViewController.swift in Sources */,
			);
			runOnlyForDeploymentPostprocessing = 0;
		};
		183EB81F24D5D074005BD76B /* Sources */ = {
			isa = PBXSourcesBuildPhase;
			buildActionMask = 2147483647;
			files = (
				183EB82824D5D074005BD76B /* Time2Tip3Tests.swift in Sources */,
			);
			runOnlyForDeploymentPostprocessing = 0;
		};
		183EB82A24D5D074005BD76B /* Sources */ = {
			isa = PBXSourcesBuildPhase;
			buildActionMask = 2147483647;
			files = (
				183EB83324D5D074005BD76B /* Time2Tip3UITests.swift in Sources */,
			);
			runOnlyForDeploymentPostprocessing = 0;
		};
/* End PBXSourcesBuildPhase section */

/* Begin PBXTargetDependency section */
		183EB82524D5D074005BD76B /* PBXTargetDependency */ = {
			isa = PBXTargetDependency;
			target = 183EB80C24D5D072005BD76B /* Time2Tip3 */;
			targetProxy = 183EB82424D5D074005BD76B /* PBXContainerItemProxy */;
		};
		183EB83024D5D074005BD76B /* PBXTargetDependency */ = {
			isa = PBXTargetDependency;
			target = 183EB80C24D5D072005BD76B /* Time2Tip3 */;
			targetProxy = 183EB82F24D5D074005BD76B /* PBXContainerItemProxy */;
		};
/* End PBXTargetDependency section */

/* Begin PBXVariantGroup section */
		183EB81624D5D072005BD76B /* Main.storyboard */ = {
			isa = PBXVariantGroup;
			children = (
				183EB81724D5D072005BD76B /* Base */,
			);
			name = Main.storyboard;
			sourceTree = "<group>";
		};
		183EB81B24D5D074005BD76B /* LaunchScreen.storyboard */ = {
			isa = PBXVariantGroup;
			children = (
				183EB81C24D5D074005BD76B /* Base */,
			);
			name = LaunchScreen.storyboard;
			sourceTree = "<group>";
		};
/* End PBXVariantGroup section */

/* Begin XCBuildConfiguration section */
		183EB83524D5D074005BD76B /* Debug */ = {
			isa = XCBuildConfiguration;
			buildSettings = {
				ALWAYS_SEARCH_USER_PATHS = NO;
				CLANG_ANALYZER_NONNULL = YES;
				CLANG_ANALYZER_NUMBER_OBJECT_CONVERSION = YES_AGGRESSIVE;
				CLANG_CXX_LANGUAGE_STANDARD = "gnu++14";
				CLANG_CXX_LIBRARY = "libc++";
				CLANG_ENABLE_MODULES = YES;
				CLANG_ENABLE_OBJC_ARC = YES;
				CLANG_ENABLE_OBJC_WEAK = YES;
				CLANG_WARN_BLOCK_CAPTURE_AUTORELEASING = YES;
				CLANG_WARN_BOOL_CONVERSION = YES;
				CLANG_WARN_COMMA = YES;
				CLANG_WARN_CONSTANT_CONVERSION = YES;
				CLANG_WARN_DEPRECATED_OBJC_IMPLEMENTATIONS = YES;
				CLANG_WARN_DIRECT_OBJC_ISA_USAGE = YES_ERROR;
				CLANG_WARN_DOCUMENTATION_COMMENTS = YES;
				CLANG_WARN_EMPTY_BODY = YES;
				CLANG_WARN_ENUM_CONVERSION = YES;
				CLANG_WARN_INFINITE_RECURSION = YES;
				CLANG_WARN_INT_CONVERSION = YES;
				CLANG_WARN_NON_LITERAL_NULL_CONVERSION = YES;
				CLANG_WARN_OBJC_IMPLICIT_RETAIN_SELF = YES;
				CLANG_WARN_OBJC_LITERAL_CONVERSION = YES;
				CLANG_WARN_OBJC_ROOT_CLASS = YES_ERROR;
				CLANG_WARN_RANGE_LOOP_ANALYSIS = YES;
				CLANG_WARN_STRICT_PROTOTYPES = YES;
				CLANG_WARN_SUSPICIOUS_MOVE = YES;
				CLANG_WARN_UNGUARDED_AVAILABILITY = YES_AGGRESSIVE;
				CLANG_WARN_UNREACHABLE_CODE = YES;
				CLANG_WARN__DUPLICATE_METHOD_MATCH = YES;
				COPY_PHASE_STRIP = NO;
				DEBUG_INFORMATION_FORMAT = dwarf;
				ENABLE_STRICT_OBJC_MSGSEND = YES;
				ENABLE_TESTABILITY = YES;
				GCC_C_LANGUAGE_STANDARD = gnu11;
				GCC_DYNAMIC_NO_PIC = NO;
				GCC_NO_COMMON_BLOCKS = YES;
				GCC_OPTIMIZATION_LEVEL = 0;
				GCC_PREPROCESSOR_DEFINITIONS = (
					"DEBUG=1",
					"$(inherited)",
				);
				GCC_WARN_64_TO_32_BIT_CONVERSION = YES;
				GCC_WARN_ABOUT_RETURN_TYPE = YES_ERROR;
				GCC_WARN_UNDECLARED_SELECTOR = YES;
				GCC_WARN_UNINITIALIZED_AUTOS = YES_AGGRESSIVE;
				GCC_WARN_UNUSED_FUNCTION = YES;
				GCC_WARN_UNUSED_VARIABLE = YES;
				IPHONEOS_DEPLOYMENT_TARGET = 13.6;
				MTL_ENABLE_DEBUG_INFO = INCLUDE_SOURCE;
				MTL_FAST_MATH = YES;
				ONLY_ACTIVE_ARCH = YES;
				SDKROOT = iphoneos;
				SWIFT_ACTIVE_COMPILATION_CONDITIONS = DEBUG;
				SWIFT_OPTIMIZATION_LEVEL = "-Onone";
			};
			name = Debug;
		};
		183EB83624D5D074005BD76B /* Release */ = {
			isa = XCBuildConfiguration;
			buildSettings = {
				ALWAYS_SEARCH_USER_PATHS = NO;
				CLANG_ANALYZER_NONNULL = YES;
				CLANG_ANALYZER_NUMBER_OBJECT_CONVERSION = YES_AGGRESSIVE;
				CLANG_CXX_LANGUAGE_STANDARD = "gnu++14";
				CLANG_CXX_LIBRARY = "libc++";
				CLANG_ENABLE_MODULES = YES;
				CLANG_ENABLE_OBJC_ARC = YES;
				CLANG_ENABLE_OBJC_WEAK = YES;
				CLANG_WARN_BLOCK_CAPTURE_AUTORELEASING = YES;
				CLANG_WARN_BOOL_CONVERSION = YES;
				CLANG_WARN_COMMA = YES;
				CLANG_WARN_CONSTANT_CONVERSION = YES;
				CLANG_WARN_DEPRECATED_OBJC_IMPLEMENTATIONS = YES;
				CLANG_WARN_DIRECT_OBJC_ISA_USAGE = YES_ERROR;
				CLANG_WARN_DOCUMENTATION_COMMENTS = YES;
				CLANG_WARN_EMPTY_BODY = YES;
				CLANG_WARN_ENUM_CONVERSION = YES;
				CLANG_WARN_INFINITE_RECURSION = YES;
				CLANG_WARN_INT_CONVERSION = YES;
				CLANG_WARN_NON_LITERAL_NULL_CONVERSION = YES;
				CLANG_WARN_OBJC_IMPLICIT_RETAIN_SELF = YES;
				CLANG_WARN_OBJC_LITERAL_CONVERSION = YES;
				CLANG_WARN_OBJC_ROOT_CLASS = YES_ERROR;
				CLANG_WARN_RANGE_LOOP_ANALYSIS = YES;
				CLANG_WARN_STRICT_PROTOTYPES = YES;
				CLANG_WARN_SUSPICIOUS_MOVE = YES;
				CLANG_WARN_UNGUARDED_AVAILABILITY = YES_AGGRESSIVE;
				CLANG_WARN_UNREACHABLE_CODE = YES;
				CLANG_WARN__DUPLICATE_METHOD_MATCH = YES;
				COPY_PHASE_STRIP = NO;
				DEBUG_INFORMATION_FORMAT = "dwarf-with-dsym";
				ENABLE_NS_ASSERTIONS = NO;
				ENABLE_STRICT_OBJC_MSGSEND = YES;
				GCC_C_LANGUAGE_STANDARD = gnu11;
				GCC_NO_COMMON_BLOCKS = YES;
				GCC_WARN_64_TO_32_BIT_CONVERSION = YES;
				GCC_WARN_ABOUT_RETURN_TYPE = YES_ERROR;
				GCC_WARN_UNDECLARED_SELECTOR = YES;
				GCC_WARN_UNINITIALIZED_AUTOS = YES_AGGRESSIVE;
				GCC_WARN_UNUSED_FUNCTION = YES;
				GCC_WARN_UNUSED_VARIABLE = YES;
				IPHONEOS_DEPLOYMENT_TARGET = 13.6;
				MTL_ENABLE_DEBUG_INFO = NO;
				MTL_FAST_MATH = YES;
				SDKROOT = iphoneos;
				SWIFT_COMPILATION_MODE = wholemodule;
				SWIFT_OPTIMIZATION_LEVEL = "-O";
				VALIDATE_PRODUCT = YES;
			};
			name = Release;
		};
		183EB83824D5D074005BD76B /* Debug */ = {
			isa = XCBuildConfiguration;
			buildSettings = {
				ASSETCATALOG_COMPILER_APPICON_NAME = AppIcon;
				CODE_SIGN_STYLE = Automatic;
				INFOPLIST_FILE = Time2Tip3/Info.plist;
				LD_RUNPATH_SEARCH_PATHS = (
					"$(inherited)",
					"@executable_path/Frameworks",
				);
				PRODUCT_BUNDLE_IDENTIFIER = Codepath.Time2Tip3;
				PRODUCT_NAME = "$(TARGET_NAME)";
				SWIFT_VERSION = 5.0;
				TARGETED_DEVICE_FAMILY = "1,2";
			};
			name = Debug;
		};
		183EB83924D5D074005BD76B /* Release */ = {
			isa = XCBuildConfiguration;
			buildSettings = {
				ASSETCATALOG_COMPILER_APPICON_NAME = AppIcon;
				CODE_SIGN_STYLE = Automatic;
				INFOPLIST_FILE = Time2Tip3/Info.plist;
				LD_RUNPATH_SEARCH_PATHS = (
					"$(inherited)",
					"@executable_path/Frameworks",
				);
				PRODUCT_BUNDLE_IDENTIFIER = Codepath.Time2Tip3;
				PRODUCT_NAME = "$(TARGET_NAME)";
				SWIFT_VERSION = 5.0;
				TARGETED_DEVICE_FAMILY = "1,2";
			};
			name = Release;
		};
		183EB83B24D5D074005BD76B /* Debug */ = {
			isa = XCBuildConfiguration;
			buildSettings = {
				ALWAYS_EMBED_SWIFT_STANDARD_LIBRARIES = YES;
				BUNDLE_LOADER = "$(TEST_HOST)";
				CODE_SIGN_STYLE = Automatic;
				INFOPLIST_FILE = Time2Tip3Tests/Info.plist;
				IPHONEOS_DEPLOYMENT_TARGET = 13.6;
				LD_RUNPATH_SEARCH_PATHS = (
					"$(inherited)",
					"@executable_path/Frameworks",
					"@loader_path/Frameworks",
				);
				PRODUCT_BUNDLE_IDENTIFIER = Codepath.Time2Tip3Tests;
				PRODUCT_NAME = "$(TARGET_NAME)";
				SWIFT_VERSION = 5.0;
				TARGETED_DEVICE_FAMILY = "1,2";
				TEST_HOST = "$(BUILT_PRODUCTS_DIR)/Time2Tip3.app/Time2Tip3";
			};
			name = Debug;
		};
		183EB83C24D5D074005BD76B /* Release */ = {
			isa = XCBuildConfiguration;
			buildSettings = {
				ALWAYS_EMBED_SWIFT_STANDARD_LIBRARIES = YES;
				BUNDLE_LOADER = "$(TEST_HOST)";
				CODE_SIGN_STYLE = Automatic;
				INFOPLIST_FILE = Time2Tip3Tests/Info.plist;
				IPHONEOS_DEPLOYMENT_TARGET = 13.6;
				LD_RUNPATH_SEARCH_PATHS = (
					"$(inherited)",
					"@executable_path/Frameworks",
					"@loader_path/Frameworks",
				);
				PRODUCT_BUNDLE_IDENTIFIER = Codepath.Time2Tip3Tests;
				PRODUCT_NAME = "$(TARGET_NAME)";
				SWIFT_VERSION = 5.0;
				TARGETED_DEVICE_FAMILY = "1,2";
				TEST_HOST = "$(BUILT_PRODUCTS_DIR)/Time2Tip3.app/Time2Tip3";
			};
			name = Release;
		};
		183EB83E24D5D074005BD76B /* Debug */ = {
			isa = XCBuildConfiguration;
			buildSettings = {
				ALWAYS_EMBED_SWIFT_STANDARD_LIBRARIES = YES;
				CODE_SIGN_STYLE = Automatic;
				INFOPLIST_FILE = Time2Tip3UITests/Info.plist;
				LD_RUNPATH_SEARCH_PATHS = (
					"$(inherited)",
					"@executable_path/Frameworks",
					"@loader_path/Frameworks",
				);
				PRODUCT_BUNDLE_IDENTIFIER = Codepath.Time2Tip3UITests;
				PRODUCT_NAME = "$(TARGET_NAME)";
				SWIFT_VERSION = 5.0;
				TARGETED_DEVICE_FAMILY = "1,2";
				TEST_TARGET_NAME = Time2Tip3;
			};
			name = Debug;
		};
		183EB83F24D5D074005BD76B /* Release */ = {
			isa = XCBuildConfiguration;
			buildSettings = {
				ALWAYS_EMBED_SWIFT_STANDARD_LIBRARIES = YES;
				CODE_SIGN_STYLE = Automatic;
				INFOPLIST_FILE = Time2Tip3UITests/Info.plist;
				LD_RUNPATH_SEARCH_PATHS = (
					"$(inherited)",
					"@executable_path/Frameworks",
					"@loader_path/Frameworks",
				);
				PRODUCT_BUNDLE_IDENTIFIER = Codepath.Time2Tip3UITests;
				PRODUCT_NAME = "$(TARGET_NAME)";
				SWIFT_VERSION = 5.0;
				TARGETED_DEVICE_FAMILY = "1,2";
				TEST_TARGET_NAME = Time2Tip3;
			};
			name = Release;
		};
/* End XCBuildConfiguration section */

/* Begin XCConfigurationList section */
		183EB80824D5D072005BD76B /* Build configuration list for PBXProject "Time2Tip3" */ = {
			isa = XCConfigurationList;
			buildConfigurations = (
				183EB83524D5D074005BD76B /* Debug */,
				183EB83624D5D074005BD76B /* Release */,
			);
			defaultConfigurationIsVisible = 0;
			defaultConfigurationName = Release;
		};
		183EB83724D5D074005BD76B /* Build configuration list for PBXNativeTarget "Time2Tip3" */ = {
			isa = XCConfigurationList;
			buildConfigurations = (
				183EB83824D5D074005BD76B /* Debug */,
				183EB83924D5D074005BD76B /* Release */,
			);
			defaultConfigurationIsVisible = 0;
			defaultConfigurationName = Release;
		};
		183EB83A24D5D074005BD76B /* Build configuration list for PBXNativeTarget "Time2Tip3Tests" */ = {
			isa = XCConfigurationList;
			buildConfigurations = (
				183EB83B24D5D074005BD76B /* Debug */,
				183EB83C24D5D074005BD76B /* Release */,
			);
			defaultConfigurationIsVisible = 0;
			defaultConfigurationName = Release;
		};
		183EB83D24D5D074005BD76B /* Build configuration list for PBXNativeTarget "Time2Tip3UITests" */ = {
			isa = XCConfigurationList;
			buildConfigurations = (
				183EB83E24D5D074005BD76B /* Debug */,
				183EB83F24D5D074005BD76B /* Release */,
			);
			defaultConfigurationIsVisible = 0;
			defaultConfigurationName = Release;
		};
/* End XCConfigurationList section */
	};
	rootObject = 183EB80524D5D072005BD76B /* Project object */;
}
